
Microsoft Visual Studio Solution File, Format Version 12.00
# Visual Studio Version 16
VisualStudioVersion = 16.0.32802.440
MinimumVisualStudioVersion = 10.0.40219.1
Project("{8BC9CEB8-8B4A-11D0-8D11-00A0C91BC942}") = "Datediff", "Datediff.vcxproj", "{7DD93952-7D43-4602-A6FF-FA222060E173}"
EndProject
Global
	GlobalSection(SolutionConfigurationPlatforms) = preSolution
		Debug|x64 = Debug|x64
		Debug|x86 = Debug|x86
		Release|x64 = Release|x64
		Release|x86 = Release|x86
	EndGlobalSection
	GlobalSection(ProjectConfigurationPlatforms) = postSolution
		{7DD93952-7D43-4602-A6FF-FA222060E173}.Debug|x64.ActiveCfg = Debug|x64
		{7DD93952-7D43-4602-A6FF-FA222060E173}.Debug|x64.Build.0 = Debug|x64
		{7DD93952-7D43-4602-A6FF-FA222060E173}.Debug|x86.ActiveCfg = Debug|Win32
		{7DD93952-7D43-4602-A6FF-FA222060E173}.Debug|x86.Build.0 = Debug|Win32
		{7DD93952-7D43-4602-A6FF-FA222060E173}.Release|x64.ActiveCfg = Release|x64
		{7DD93952-7D43-4602-A6FF-FA222060E173}.Release|x64.Build.0 = Release|x64
		{7DD93952-7D43-4602-A6FF-FA222060E173}.Release|x86.ActiveCfg = Release|Win32
		{7DD93952-7D43-4602-A6FF-FA222060E173}.Release|x86.Build.0 = Release|Win32
	EndGlobalSection
	GlobalSection(SolutionProperties) = preSolution
		HideSolutionNode = FALSE
	EndGlobalSection
	GlobalSection(ExtensibilityGlobals) = postSolution
		SolutionGuid = {69A9E179-7221-46C5-A616-B89165AA4CB9}
	EndGlobalSection
EndGlobal
